{
  "name": "tests",
  "version": "0.0.1",
  "lockfileVersion": 3,
  "requires": true,
  "packages": {
    "": {
      "name": "tests",
      "version": "0.0.1",
      "license": "MIT",
      "dependencies": {
        "unity-n-tests": "file:../unity-n-tests-3.0.1.tgz"
      }
    },
    "node_modules/unity-n-promises": {
      "version": "1.2.1",
      "resolved": "git+ssh://git@github.com/shadowmint/unity-n-promises.git#b87103543f272badd311dc1b62287aee758c0e2a",
      "hasInstallScript": true,
      "license": "MIT"
    },
    "node_modules/unity-n-tests": {
      "version": "3.0.1",
      "resolved": "file:../unity-n-tests-3.0.1.tgz",
      "integrity": "sha512-8CD6qqB5JzNWsGHj9RHVYfnll40rwLGIKrUXveFU3nbntdN/174Uz64B9gmPKZfI3TpN9NmFO0dOujeEFliHhQ==",
      "hasInstallScript": true,
      "license": "MIT",
      "dependencies": {
        "unity-n-workflows": "github:shadowmint/unity-n-workflows"
      }
    },
    "node_modules/unity-n-workflows": {
      "version": "0.2.0",
      "resolved": "git+ssh://git@github.com/shadowmint/unity-n-workflows.git#4c0004a9e9da19b066875b79b7c964a915063543",
      "hasInstallScript": true,
      "license": "MIT",
      "dependencies": {
        "unity-n-promises": "github:shadowmint/unity-n-promises"
      }
    }
  }
}
