{
  "name": "unity-n-tests",
  "version": "2.0.0",
  "lockfileVersion": 3,
  "requires": true,
  "packages": {
    "": {
      "name": "unity-n-tests",
      "version": "2.0.0",
      "hasInstallScript": true,
      "license": "MIT",
      "dependencies": {
        "unity-n-workflows": "github:shadowmint/unity-n-workflows"
      }
    },
    "node_modules/unity-n-promises": {
      "version": "1.2.1",
      "resolved": "git+ssh://git@github.com/shadowmint/unity-n-promises.git#b87103543f272badd311dc1b62287aee758c0e2a",
      "hasInstallScript": true,
      "license": "MIT"
    },
    "node_modules/unity-n-workflows": {
      "version": "0.2.0",
      "resolved": "git+ssh://git@github.com/shadowmint/unity-n-workflows.git#4c0004a9e9da19b066875b79b7c964a915063543",
      "hasInstallScript": true,
      "license": "MIT",
      "dependencies": {
        "unity-n-promises": "github:shadowmint/unity-n-promises"
      }
    }
  }
}
